{
  "name": "project-basics",
  "version": "0.0.0",
  "lockfileVersion": 1,
  "requires": true,
  "dependencies": {
    "@angular/animations": {
      "version": "6.0.9",
      "resolved": "https://registry.npmjs.org/@angular/animations/-/animations-6.0.9.tgz",
      "integrity": "sha512-UJTHlxVGZLefCDxTS7T0qZxrAIaQ8gGghHwDI7F3QXpXZTsAk4nHiGSt2EvneW5o6io83i6Hpr/9Fde+YvzWNg==",
      "requires": {
        "tslib": "1.9.3"
      }
    },
    "@angular/common": {
      "version": "6.0.9",
      "resolved": "https://registry.npmjs.org/@angular/common/-/common-6.0.9.tgz",
      "integrity": "sha512-zjJ9WDW9787sTRiNeUvQaCvGZJu1dI8A3fYtSL8BKrGhxLsf24cSa3ljbrSmtIsCGImNxTToHzPFXo4sx2dvYg==",
      "requires": {
        "tslib": "1.9.3"
      }
    },
    "@angular/compiler": {
      "version": "6.0.9",
      "resolved": "https://registry.npmjs.org/@angular/compiler/-/compiler-6.0.9.tgz",
      "integrity": "sha512-/A6U/W0settfkh3tmX9p3t7+OyZ0c2sIJMlQjhfF36do0ylnIl4wuqJtHF0BWr/wmmbQzg+qAsQyWrx8vp+2Iw==",
      "requires": {
        "tslib": "1.9.3"
      }
    },
    "@angular/core": {
      "version": "6.0.9",
      "resolved": "https://registry.npmjs.org/@angular/core/-/core-6.0.9.tgz",
      "integrity": "sha512-NeEUgymsR/tLvWeEAA4mGEX/S4hHbIo/2uwPGGAQAvzlk+pL7xqPoFSMKeqQahdTnWSmYa/2+X33OdJgXKKXyg==",
      "requires": {
        "tslib": "1.9.3"
      }
    },
    "@angular/forms": {
      "version": "6.0.9",
      "resolved": "https://registry.npmjs.org/@angular/forms/-/forms-6.0.9.tgz",
      "integrity": "sha512-hZxzoO/QAd9EetNUdGpb5Wiw4Lb7R+iOCjdV8sh+C8q6Ow5G35/dfiAlNanGXVqSi8e6Qqm1aO/r4cTUWFm6vw==",
      "requires": {
        "tslib": "1.9.3"
      }
    },
    "@angular/http": {
      "version": "6.0.9",
      "resolved": "https://registry.npmjs.org/@angular/http/-/http-6.0.9.tgz",
      "integrity": "sha512-JaYvBQQ+hJ7SKqZ+zw4C20lc7b6U5kK50nSkams10tzhITke6L/+wK8g3kiNu4XcqE5nqcIN8S95UkMGPMsa7Q==",
      "requires": {
        "tslib": "1.9.3"
      }
    },
    "@angular/platform-browser": {
      "version": "6.0.9",
      "resolved": "https://registry.npmjs.org/@angular/platform-browser/-/platform-browser-6.0.9.tgz",
      "integrity": "sha512-q/1UGlbWBwZ6c63p8SDmBsgjYgMQUxyByY9GGt0hd5XhOfVFzvBSzybKSRc3FBhmxQJMCtVhEbI0kIzqrDxcWg==",
      "requires": {
        "tslib": "1.9.3"
      }
    },
    "@angular/platform-browser-dynamic": {
      "version": "6.0.9",
      "resolved": "https://registry.npmjs.org/@angular/platform-browser-dynamic/-/platform-browser-dynamic-6.0.9.tgz",
      "integrity": "sha512-HsmLafy0hpMIZlwHz1XRicXczZWCKb0H6oCY+TepFV4u3SLZgJEO7/HZrhO0kEviipXuXrgZSpafV3IYP6eWPQ==",
      "requires": {
        "tslib": "1.9.3"
      }
    },
    "@angular/router": {
      "version": "6.0.9",
      "resolved": "https://registry.npmjs.org/@angular/router/-/router-6.0.9.tgz",
      "integrity": "sha512-kS489FFpGWD4GEDDozfVb+eD5qf1E9cLYgsE7RO914uNMh/sJuRZt9PVu0bcX12fOOO7mTcOiWtlkefzUAJbkA==",
      "requires": {
        "tslib": "1.9.3"
      }
    },
    "core-js": {
      "version": "2.5.7",
      "resolved": "https://registry.npmjs.org/core-js/-/core-js-2.5.7.tgz",
      "integrity": "sha512-RszJCAxg/PP6uzXVXL6BsxSXx/B05oJAQ2vkJRjyjrEcNVycaqOmNb5OTxZPE3xa5gwZduqza6L9JOCenh/Ecw=="
    },
    "rxjs": {
      "version": "6.2.1",
      "resolved": "https://registry.npmjs.org/rxjs/-/rxjs-6.2.1.tgz",
      "integrity": "sha512-OwMxHxmnmHTUpgO+V7dZChf3Tixf4ih95cmXjzzadULziVl/FKhHScGLj4goEw9weePVOH2Q0+GcCBUhKCZc/g==",
      "requires": {
        "tslib": "1.9.3"
      }
    },
    "tslib": {
      "version": "1.9.3",
      "resolved": "https://registry.npmjs.org/tslib/-/tslib-1.9.3.tgz",
      "integrity": "sha512-4krF8scpejhaOgqzBEcGM7yDIEfi0/8+8zDRZhNZZ2kjmHJ4hv3zCbQWxoJGz1iw5U0Jl0nma13xzHXcncMavQ=="
    },
    "zone.js": {
      "version": "0.8.26",
      "resolved": "https://registry.npmjs.org/zone.js/-/zone.js-0.8.26.tgz",
      "integrity": "sha512-W9Nj+UmBJG251wkCacIkETgra4QgBo/vgoEkb4a2uoLzpQG7qF9nzwoLXWU5xj3Fg2mxGvEDh47mg24vXccYjA=="
    }
  }
}
